
Microsoft Visual Studio Solution File, Format Version 12.00
# Visual Studio Version 17
VisualStudioVersion = 17.5.002.0
MinimumVisualStudioVersion = 10.0.40219.1
Project("{9A19103F-16F7-4668-BE54-9A1E7A4F7556}") = ".", "backend\..csproj", "{BA0377BF-AEEC-4A95-A9DD-0E4808878B8B}"
EndProject
Global
	GlobalSection(SolutionConfigurationPlatforms) = preSolution
		Debug|Any CPU = Debug|Any CPU
		Release|Any CPU = Release|Any CPU
	EndGlobalSection
	GlobalSection(ProjectConfigurationPlatforms) = postSolution
		{BA0377BF-AEEC-4A95-A9DD-0E4808878B8B}.Debug|Any CPU.ActiveCfg = Debug|Any CPU
		{BA0377BF-AEEC-4A95-A9DD-0E4808878B8B}.Debug|Any CPU.Build.0 = Debug|Any CPU
		{BA0377BF-AEEC-4A95-A9DD-0E4808878B8B}.Release|Any CPU.ActiveCfg = Release|Any CPU
		{BA0377BF-AEEC-4A95-A9DD-0E4808878B8B}.Release|Any CPU.Build.0 = Release|Any CPU
	EndGlobalSection
	GlobalSection(SolutionProperties) = preSolution
		HideSolutionNode = FALSE
	EndGlobalSection
	GlobalSection(ExtensibilityGlobals) = postSolution
		SolutionGuid = {4343861A-85D0-4A01-A7C2-73E1F5B5AB65}
	EndGlobalSection
EndGlobal
